
Microsoft Visual Studio Solution File, Format Version 12.00
# Visual Studio Version 17
VisualStudioVersion = 17.0.31423.177
MinimumVisualStudioVersion = 10.0.40219.1
Project("{FAE04EC0-301F-11D3-BF4B-00C04F79EFBC}") = "CSharp10NewFeatures", "CSharp10NewFeatures\CSharp10NewFeatures.csproj", "{30707DF0-98E3-426E-837D-9778FCDC2705}"
EndProject
Global
	GlobalSection(SolutionConfigurationPlatforms) = preSolution
		Debug|Any CPU = Debug|Any CPU
		Release|Any CPU = Release|Any CPU
	EndGlobalSection
	GlobalSection(ProjectConfigurationPlatforms) = postSolution
		{30707DF0-98E3-426E-837D-9778FCDC2705}.Debug|Any CPU.ActiveCfg = Debug|Any CPU
		{30707DF0-98E3-426E-837D-9778FCDC2705}.Debug|Any CPU.Build.0 = Debug|Any CPU
		{30707DF0-98E3-426E-837D-9778FCDC2705}.Release|Any CPU.ActiveCfg = Release|Any CPU
		{30707DF0-98E3-426E-837D-9778FCDC2705}.Release|Any CPU.Build.0 = Release|Any CPU
	EndGlobalSection
	GlobalSection(SolutionProperties) = preSolution
		HideSolutionNode = FALSE
	EndGlobalSection
	GlobalSection(ExtensibilityGlobals) = postSolution
		SolutionGuid = {21C048D5-244F-4107-84AA-9989B6B15167}
	EndGlobalSection
EndGlobal
